// !$*UTF8*$!
{
	archiveVersion = 1;
	classes = {
	};
	objectVersion = 50;
	objects = {

/* Begin PBXBuildFile section */
		9673F1792391993200986D57 /* AppDelegate.swift in Sources */ = {isa = PBXBuildFile; fileRef = 9673F1782391993200986D57 /* AppDelegate.swift */; };
		9673F17B2391993200986D57 /* SceneDelegate.swift in Sources */ = {isa = PBXBuildFile; fileRef = 9673F17A2391993200986D57 /* SceneDelegate.swift */; };
		9673F17D2391993200986D57 /* ViewController.swift in Sources */ = {isa = PBXBuildFile; fileRef = 9673F17C2391993200986D57 /* ViewController.swift */; };
		9673F1802391993200986D57 /* Main.storyboard in Resources */ = {isa = PBXBuildFile; fileRef = 9673F17E2391993200986D57 /* Main.storyboard */; };
		9673F1832391993200986D57 /* Spectrum.xcdatamodeld in Sources */ = {isa = PBXBuildFile; fileRef = 9673F1812391993200986D57 /* Spectrum.xcdatamodeld */; };
		9673F1852391993400986D57 /* Assets.xcassets in Resources */ = {isa = PBXBuildFile; fileRef = 9673F1842391993400986D57 /* Assets.xcassets */; };
		9673F1882391993400986D57 /* LaunchScreen.storyboard in Resources */ = {isa = PBXBuildFile; fileRef = 9673F1862391993400986D57 /* LaunchScreen.storyboard */; };
		9673F1932391993400986D57 /* SpectrumTests.swift in Sources */ = {isa = PBXBuildFile; fileRef = 9673F1922391993400986D57 /* SpectrumTests.swift */; };
		9673F19E2391993400986D57 /* SpectrumUITests.swift in Sources */ = {isa = PBXBuildFile; fileRef = 9673F19D2391993400986D57 /* SpectrumUITests.swift */; };
/* End PBXBuildFile section */

/* Begin PBXContainerItemProxy section */
		9673F18F2391993400986D57 /* PBXContainerItemProxy */ = {
			isa = PBXContainerItemProxy;
			containerPortal = 9673F16D2391993200986D57 /* Project object */;
			proxyType = 1;
			remoteGlobalIDString = 9673F1742391993200986D57;
			remoteInfo = Spectrum;
		};
		9673F19A2391993400986D57 /* PBXContainerItemProxy */ = {
			isa = PBXContainerItemProxy;
			containerPortal = 9673F16D2391993200986D57 /* Project object */;
			proxyType = 1;
			remoteGlobalIDString = 9673F1742391993200986D57;
			remoteInfo = Spectrum;
		};
/* End PBXContainerItemProxy section */

/* Begin PBXFileReference section */
		9673F1752391993200986D57 /* Spectrum.app */ = {isa = PBXFileReference; explicitFileType = wrapper.application; includeInIndex = 0; path = Spectrum.app; sourceTree = BUILT_PRODUCTS_DIR; };
		9673F1782391993200986D57 /* AppDelegate.swift */ = {isa = PBXFileReference; lastKnownFileType = sourcecode.swift; path = AppDelegate.swift; sourceTree = "<group>"; };
		9673F17A2391993200986D57 /* SceneDelegate.swift */ = {isa = PBXFileReference; lastKnownFileType = sourcecode.swift; path = SceneDelegate.swift; sourceTree = "<group>"; };
		9673F17C2391993200986D57 /* ViewController.swift */ = {isa = PBXFileReference; lastKnownFileType = sourcecode.swift; path = ViewController.swift; sourceTree = "<group>"; };
		9673F17F2391993200986D57 /* Base */ = {isa = PBXFileReference; lastKnownFileType = file.storyboard; name = Base; path = Base.lproj/Main.storyboard; sourceTree = "<group>"; };
		9673F1822391993200986D57 /* Spectrum.xcdatamodel */ = {isa = PBXFileReference; lastKnownFileType = wrapper.xcdatamodel; path = Spectrum.xcdatamodel; sourceTree = "<group>"; };
		9673F1842391993400986D57 /* Assets.xcassets */ = {isa = PBXFileReference; lastKnownFileType = folder.assetcatalog; path = Assets.xcassets; sourceTree = "<group>"; };
		9673F1872391993400986D57 /* Base */ = {isa = PBXFileReference; lastKnownFileType = file.storyboard; name = Base; path = Base.lproj/LaunchScreen.storyboard; sourceTree = "<group>"; };
		9673F1892391993400986D57 /* Info.plist */ = {isa = PBXFileReference; lastKnownFileType = text.plist.xml; path = Info.plist; sourceTree = "<group>"; };
		9673F18E2391993400986D57 /* SpectrumTests.xctest */ = {isa = PBXFileReference; explicitFileType = wrapper.cfbundle; includeInIndex = 0; path = SpectrumTests.xctest; sourceTree = BUILT_PRODUCTS_DIR; };
		9673F1922391993400986D57 /* SpectrumTests.swift */ = {isa = PBXFileReference; lastKnownFileType = sourcecode.swift; path = SpectrumTests.swift; sourceTree = "<group>"; };
		9673F1942391993400986D57 /* Info.plist */ = {isa = PBXFileReference; lastKnownFileType = text.plist.xml; path = Info.plist; sourceTree = "<group>"; };
		9673F1992391993400986D57 /* SpectrumUITests.xctest */ = {isa = PBXFileReference; explicitFileType = wrapper.cfbundle; includeInIndex = 0; path = SpectrumUITests.xctest; sourceTree = BUILT_PRODUCTS_DIR; };
		9673F19D2391993400986D57 /* SpectrumUITests.swift */ = {isa = PBXFileReference; lastKnownFileType = sourcecode.swift; path = SpectrumUITests.swift; sourceTree = "<group>"; };
		9673F19F2391993400986D57 /* Info.plist */ = {isa = PBXFileReference; lastKnownFileType = text.plist.xml; path = Info.plist; sourceTree = "<group>"; };
/* End PBXFileReference section */

/* Begin PBXFrameworksBuildPhase section */
		9673F1722391993200986D57 /* Frameworks */ = {
			isa = PBXFrameworksBuildPhase;
			buildActionMask = 2147483647;
			files = (
			);
			runOnlyForDeploymentPostprocessing = 0;
		};
		9673F18B2391993400986D57 /* Frameworks */ = {
			isa = PBXFrameworksBuildPhase;
			buildActionMask = 2147483647;
			files = (
			);
			runOnlyForDeploymentPostprocessing = 0;
		};
		9673F1962391993400986D57 /* Frameworks */ = {
			isa = PBXFrameworksBuildPhase;
			buildActionMask = 2147483647;
			files = (
			);
			runOnlyForDeploymentPostprocessing = 0;
		};
/* End PBXFrameworksBuildPhase section */

/* Begin PBXGroup section */
		9673F16C2391993200986D57 = {
			isa = PBXGroup;
			children = (
				9673F1772391993200986D57 /* Spectrum */,
				9673F1912391993400986D57 /* SpectrumTests */,
				9673F19C2391993400986D57 /* SpectrumUITests */,
				9673F1762391993200986D57 /* Products */,
			);
			sourceTree = "<group>";
		};
		9673F1762391993200986D57 /* Products */ = {
			isa = PBXGroup;
			children = (
				9673F1752391993200986D57 /* Spectrum.app */,
				9673F18E2391993400986D57 /* SpectrumTests.xctest */,
				9673F1992391993400986D57 /* SpectrumUITests.xctest */,
			);
			name = Products;
			sourceTree = "<group>";
		};
		9673F1772391993200986D57 /* Spectrum */ = {
			isa = PBXGroup;
			children = (
				9673F1782391993200986D57 /* AppDelegate.swift */,
				9673F17A2391993200986D57 /* SceneDelegate.swift */,
				9673F17C2391993200986D57 /* ViewController.swift */,
				9673F17E2391993200986D57 /* Main.storyboard */,
				9673F1842391993400986D57 /* Assets.xcassets */,
				9673F1862391993400986D57 /* LaunchScreen.storyboard */,
				9673F1892391993400986D57 /* Info.plist */,
				9673F1812391993200986D57 /* Spectrum.xcdatamodeld */,
			);
			path = Spectrum;
			sourceTree = "<group>";
		};
		9673F1912391993400986D57 /* SpectrumTests */ = {
			isa = PBXGroup;
			children = (
				9673F1922391993400986D57 /* SpectrumTests.swift */,
				9673F1942391993400986D57 /* Info.plist */,
			);
			path = SpectrumTests;
			sourceTree = "<group>";
		};
		9673F19C2391993400986D57 /* SpectrumUITests */ = {
			isa = PBXGroup;
			children = (
				9673F19D2391993400986D57 /* SpectrumUITests.swift */,
				9673F19F2391993400986D57 /* Info.plist */,
			);
			path = SpectrumUITests;
			sourceTree = "<group>";
		};
/* End PBXGroup section */

/* Begin PBXNativeTarget section */
		9673F1742391993200986D57 /* Spectrum */ = {
			isa = PBXNativeTarget;
			buildConfigurationList = 9673F1A22391993400986D57 /* Build configuration list for PBXNativeTarget "Spectrum" */;
			buildPhases = (
				9673F1712391993200986D57 /* Sources */,
				9673F1722391993200986D57 /* Frameworks */,
				9673F1732391993200986D57 /* Resources */,
			);
			buildRules = (
			);
			dependencies = (
			);
			name = Spectrum;
			productName = Spectrum;
			productReference = 9673F1752391993200986D57 /* Spectrum.app */;
			productType = "com.apple.product-type.application";
		};
		9673F18D2391993400986D57 /* SpectrumTests */ = {
			isa = PBXNativeTarget;
			buildConfigurationList = 9673F1A52391993400986D57 /* Build configuration list for PBXNativeTarget "SpectrumTests" */;
			buildPhases = (
				9673F18A2391993400986D57 /* Sources */,
				9673F18B2391993400986D57 /* Frameworks */,
				9673F18C2391993400986D57 /* Resources */,
			);
			buildRules = (
			);
			dependencies = (
				9673F1902391993400986D57 /* PBXTargetDependency */,
			);
			name = SpectrumTests;
			productName = SpectrumTests;
			productReference = 9673F18E2391993400986D57 /* SpectrumTests.xctest */;
			productType = "com.apple.product-type.bundle.unit-test";
		};
		9673F1982391993400986D57 /* SpectrumUITests */ = {
			isa = PBXNativeTarget;
			buildConfigurationList = 9673F1A82391993400986D57 /* Build configuration list for PBXNativeTarget "SpectrumUITests" */;
			buildPhases = (
				9673F1952391993400986D57 /* Sources */,
				9673F1962391993400986D57 /* Frameworks */,
				9673F1972391993400986D57 /* Resources */,
			);
			buildRules = (
			);
			dependencies = (
				9673F19B2391993400986D57 /* PBXTargetDependency */,
			);
			name = SpectrumUITests;
			productName = SpectrumUITests;
			productReference = 9673F1992391993400986D57 /* SpectrumUITests.xctest */;
			productType = "com.apple.product-type.bundle.ui-testing";
		};
/* End PBXNativeTarget section */

/* Begin PBXProject section */
		9673F16D2391993200986D57 /* Project object */ = {
			isa = PBXProject;
			attributes = {
				LastSwiftUpdateCheck = 1110;
				LastUpgradeCheck = 1110;
				ORGANIZATIONNAME = Pioneer;
				TargetAttributes = {
					9673F1742391993200986D57 = {
						CreatedOnToolsVersion = 11.1;
					};
					9673F18D2391993400986D57 = {
						CreatedOnToolsVersion = 11.1;
						TestTargetID = 9673F1742391993200986D57;
					};
					9673F1982391993400986D57 = {
						CreatedOnToolsVersion = 11.1;
						TestTargetID = 9673F1742391993200986D57;
					};
				};
			};
			buildConfigurationList = 9673F1702391993200986D57 /* Build configuration list for PBXProject "Spectrum" */;
			compatibilityVersion = "Xcode 9.3";
			developmentRegion = en;
			hasScannedForEncodings = 0;
			knownRegions = (
				en,
				Base,
			);
			mainGroup = 9673F16C2391993200986D57;
			productRefGroup = 9673F1762391993200986D57 /* Products */;
			projectDirPath = "";
			projectRoot = "";
			targets = (
				9673F1742391993200986D57 /* Spectrum */,
				9673F18D2391993400986D57 /* SpectrumTests */,
				9673F1982391993400986D57 /* SpectrumUITests */,
			);
		};
/* End PBXProject section */

/* Begin PBXResourcesBuildPhase section */
		9673F1732391993200986D57 /* Resources */ = {
			isa = PBXResourcesBuildPhase;
			buildActionMask = 2147483647;
			files = (
				9673F1882391993400986D57 /* LaunchScreen.storyboard in Resources */,
				9673F1852391993400986D57 /* Assets.xcassets in Resources */,
				9673F1802391993200986D57 /* Main.storyboard in Resources */,
			);
			runOnlyForDeploymentPostprocessing = 0;
		};
		9673F18C2391993400986D57 /* Resources */ = {
			isa = PBXResourcesBuildPhase;
			buildActionMask = 2147483647;
			files = (
			);
			runOnlyForDeploymentPostprocessing = 0;
		};
		9673F1972391993400986D57 /* Resources */ = {
			isa = PBXResourcesBuildPhase;
			buildActionMask = 2147483647;
			files = (
			);
			runOnlyForDeploymentPostprocessing = 0;
		};
/* End PBXResourcesBuildPhase section */

/* Begin PBXSourcesBuildPhase section */
		9673F1712391993200986D57 /* Sources */ = {
			isa = PBXSourcesBuildPhase;
			buildActionMask = 2147483647;
			files = (
				9673F1832391993200986D57 /* Spectrum.xcdatamodeld in Sources */,
				9673F17D2391993200986D57 /* ViewController.swift in Sources */,
				9673F1792391993200986D57 /* AppDelegate.swift in Sources */,
				9673F17B2391993200986D57 /* SceneDelegate.swift in Sources */,
			);
			runOnlyForDeploymentPostprocessing = 0;
		};
		9673F18A2391993400986D57 /* Sources */ = {
			isa = PBXSourcesBuildPhase;
			buildActionMask = 2147483647;
			files = (
				9673F1932391993400986D57 /* SpectrumTests.swift in Sources */,
			);
			runOnlyForDeploymentPostprocessing = 0;
		};
		9673F1952391993400986D57 /* Sources */ = {
			isa = PBXSourcesBuildPhase;
			buildActionMask = 2147483647;
			files = (
				9673F19E2391993400986D57 /* SpectrumUITests.swift in Sources */,
			);
			runOnlyForDeploymentPostprocessing = 0;
		};
/* End PBXSourcesBuildPhase section */

/* Begin PBXTargetDependency section */
		9673F1902391993400986D57 /* PBXTargetDependency */ = {
			isa = PBXTargetDependency;
			target = 9673F1742391993200986D57 /* Spectrum */;
			targetProxy = 9673F18F2391993400986D57 /* PBXContainerItemProxy */;
		};
		9673F19B2391993400986D57 /* PBXTargetDependency */ = {
			isa = PBXTargetDependency;
			target = 9673F1742391993200986D57 /* Spectrum */;
			targetProxy = 9673F19A2391993400986D57 /* PBXContainerItemProxy */;
		};
/* End PBXTargetDependency section */

/* Begin PBXVariantGroup section */
		9673F17E2391993200986D57 /* Main.storyboard */ = {
			isa = PBXVariantGroup;
			children = (
				9673F17F2391993200986D57 /* Base */,
			);
			name = Main.storyboard;
			sourceTree = "<group>";
		};
		9673F1862391993400986D57 /* LaunchScreen.storyboard */ = {
			isa = PBXVariantGroup;
			children = (
				9673F1872391993400986D57 /* Base */,
			);
			name = LaunchScreen.storyboard;
			sourceTree = "<group>";
		};
/* End PBXVariantGroup section */

/* Begin XCBuildConfiguration section */
		9673F1A02391993400986D57 /* Debug */ = {
			isa = XCBuildConfiguration;
			buildSettings = {
				ALWAYS_SEARCH_USER_PATHS = NO;
				CLANG_ANALYZER_NONNULL = YES;
				CLANG_ANALYZER_NUMBER_OBJECT_CONVERSION = YES_AGGRESSIVE;
				CLANG_CXX_LANGUAGE_STANDARD = "gnu++14";
				CLANG_CXX_LIBRARY = "libc++";
				CLANG_ENABLE_MODULES = YES;
				CLANG_ENABLE_OBJC_ARC = YES;
				CLANG_ENABLE_OBJC_WEAK = YES;
				CLANG_WARN_BLOCK_CAPTURE_AUTORELEASING = YES;
				CLANG_WARN_BOOL_CONVERSION = YES;
				CLANG_WARN_COMMA = YES;
				CLANG_WARN_CONSTANT_CONVERSION = YES;
				CLANG_WARN_DEPRECATED_OBJC_IMPLEMENTATIONS = YES;
				CLANG_WARN_DIRECT_OBJC_ISA_USAGE = YES_ERROR;
				CLANG_WARN_DOCUMENTATION_COMMENTS = YES;
				CLANG_WARN_EMPTY_BODY = YES;
				CLANG_WARN_ENUM_CONVERSION = YES;
				CLANG_WARN_INFINITE_RECURSION = YES;
				CLANG_WARN_INT_CONVERSION = YES;
				CLANG_WARN_NON_LITERAL_NULL_CONVERSION = YES;
				CLANG_WARN_OBJC_IMPLICIT_RETAIN_SELF = YES;
				CLANG_WARN_OBJC_LITERAL_CONVERSION = YES;
				CLANG_WARN_OBJC_ROOT_CLASS = YES_ERROR;
				CLANG_WARN_RANGE_LOOP_ANALYSIS = YES;
				CLANG_WARN_STRICT_PROTOTYPES = YES;
				CLANG_WARN_SUSPICIOUS_MOVE = YES;
				CLANG_WARN_UNGUARDED_AVAILABILITY = YES_AGGRESSIVE;
				CLANG_WARN_UNREACHABLE_CODE = YES;
				CLANG_WARN__DUPLICATE_METHOD_MATCH = YES;
				COPY_PHASE_STRIP = NO;
				DEBUG_INFORMATION_FORMAT = dwarf;
				ENABLE_STRICT_OBJC_MSGSEND = YES;
				ENABLE_TESTABILITY = YES;
				GCC_C_LANGUAGE_STANDARD = gnu11;
				GCC_DYNAMIC_NO_PIC = NO;
				GCC_NO_COMMON_BLOCKS = YES;
				GCC_OPTIMIZATION_LEVEL = 0;
				GCC_PREPROCESSOR_DEFINITIONS = (
					"DEBUG=1",
					"$(inherited)",
				);
				GCC_WARN_64_TO_32_BIT_CONVERSION = YES;
				GCC_WARN_ABOUT_RETURN_TYPE = YES_ERROR;
				GCC_WARN_UNDECLARED_SELECTOR = YES;
				GCC_WARN_UNINITIALIZED_AUTOS = YES_AGGRESSIVE;
				GCC_WARN_UNUSED_FUNCTION = YES;
				GCC_WARN_UNUSED_VARIABLE = YES;
				IPHONEOS_DEPLOYMENT_TARGET = 13.1;
				MTL_ENABLE_DEBUG_INFO = INCLUDE_SOURCE;
				MTL_FAST_MATH = YES;
				ONLY_ACTIVE_ARCH = YES;
				SDKROOT = iphoneos;
				SWIFT_ACTIVE_COMPILATION_CONDITIONS = DEBUG;
				SWIFT_OPTIMIZATION_LEVEL = "-Onone";
			};
			name = Debug;
		};
		9673F1A12391993400986D57 /* Release */ = {
			isa = XCBuildConfiguration;
			buildSettings = {
				ALWAYS_SEARCH_USER_PATHS = NO;
				CLANG_ANALYZER_NONNULL = YES;
				CLANG_ANALYZER_NUMBER_OBJECT_CONVERSION = YES_AGGRESSIVE;
				CLANG_CXX_LANGUAGE_STANDARD = "gnu++14";
				CLANG_CXX_LIBRARY = "libc++";
				CLANG_ENABLE_MODULES = YES;
				CLANG_ENABLE_OBJC_ARC = YES;
				CLANG_ENABLE_OBJC_WEAK = YES;
				CLANG_WARN_BLOCK_CAPTURE_AUTORELEASING = YES;
				CLANG_WARN_BOOL_CONVERSION = YES;
				CLANG_WARN_COMMA = YES;
				CLANG_WARN_CONSTANT_CONVERSION = YES;
				CLANG_WARN_DEPRECATED_OBJC_IMPLEMENTATIONS = YES;
				CLANG_WARN_DIRECT_OBJC_ISA_USAGE = YES_ERROR;
				CLANG_WARN_DOCUMENTATION_COMMENTS = YES;
				CLANG_WARN_EMPTY_BODY = YES;
				CLANG_WARN_ENUM_CONVERSION = YES;
				CLANG_WARN_INFINITE_RECURSION = YES;
				CLANG_WARN_INT_CONVERSION = YES;
				CLANG_WARN_NON_LITERAL_NULL_CONVERSION = YES;
				CLANG_WARN_OBJC_IMPLICIT_RETAIN_SELF = YES;
				CLANG_WARN_OBJC_LITERAL_CONVERSION = YES;
				CLANG_WARN_OBJC_ROOT_CLASS = YES_ERROR;
				CLANG_WARN_RANGE_LOOP_ANALYSIS = YES;
				CLANG_WARN_STRICT_PROTOTYPES = YES;
				CLANG_WARN_SUSPICIOUS_MOVE = YES;
				CLANG_WARN_UNGUARDED_AVAILABILITY = YES_AGGRESSIVE;
				CLANG_WARN_UNREACHABLE_CODE = YES;
				CLANG_WARN__DUPLICATE_METHOD_MATCH = YES;
				COPY_PHASE_STRIP = NO;
				DEBUG_INFORMATION_FORMAT = "dwarf-with-dsym";
				ENABLE_NS_ASSERTIONS = NO;
				ENABLE_STRICT_OBJC_MSGSEND = YES;
				GCC_C_LANGUAGE_STANDARD = gnu11;
				GCC_NO_COMMON_BLOCKS = YES;
				GCC_WARN_64_TO_32_BIT_CONVERSION = YES;
				GCC_WARN_ABOUT_RETURN_TYPE = YES_ERROR;
				GCC_WARN_UNDECLARED_SELECTOR = YES;
				GCC_WARN_UNINITIALIZED_AUTOS = YES_AGGRESSIVE;
				GCC_WARN_UNUSED_FUNCTION = YES;
				GCC_WARN_UNUSED_VARIABLE = YES;
				IPHONEOS_DEPLOYMENT_TARGET = 13.1;
				MTL_ENABLE_DEBUG_INFO = NO;
				MTL_FAST_MATH = YES;
				SDKROOT = iphoneos;
				SWIFT_COMPILATION_MODE = wholemodule;
				SWIFT_OPTIMIZATION_LEVEL = "-O";
				VALIDATE_PRODUCT = YES;
			};
			name = Release;
		};
		9673F1A32391993400986D57 /* Debug */ = {
			isa = XCBuildConfiguration;
			buildSettings = {
				ASSETCATALOG_COMPILER_APPICON_NAME = AppIcon;
				CODE_SIGN_STYLE = Automatic;
				DEVELOPMENT_TEAM = V3R4329N82;
				INFOPLIST_FILE = Spectrum/Info.plist;
				LD_RUNPATH_SEARCH_PATHS = (
					"$(inherited)",
					"@executable_path/Frameworks",
				);
				PRODUCT_BUNDLE_IDENTIFIER = com.nitesh.Spectrum;
				PRODUCT_NAME = "$(TARGET_NAME)";
				SWIFT_VERSION = 5.0;
				TARGETED_DEVICE_FAMILY = "1,2";
			};
			name = Debug;
		};
		9673F1A42391993400986D57 /* Release */ = {
			isa = XCBuildConfiguration;
			buildSettings = {
				ASSETCATALOG_COMPILER_APPICON_NAME = AppIcon;
				CODE_SIGN_STYLE = Automatic;
				DEVELOPMENT_TEAM = V3R4329N82;
				INFOPLIST_FILE = Spectrum/Info.plist;
				LD_RUNPATH_SEARCH_PATHS = (
					"$(inherited)",
					"@executable_path/Frameworks",
				);
				PRODUCT_BUNDLE_IDENTIFIER = com.nitesh.Spectrum;
				PRODUCT_NAME = "$(TARGET_NAME)";
				SWIFT_VERSION = 5.0;
				TARGETED_DEVICE_FAMILY = "1,2";
			};
			name = Release;
		};
		9673F1A62391993400986D57 /* Debug */ = {
			isa = XCBuildConfiguration;
			buildSettings = {
				ALWAYS_EMBED_SWIFT_STANDARD_LIBRARIES = YES;
				BUNDLE_LOADER = "$(TEST_HOST)";
				CODE_SIGN_STYLE = Automatic;
				DEVELOPMENT_TEAM = V3R4329N82;
				INFOPLIST_FILE = SpectrumTests/Info.plist;
				IPHONEOS_DEPLOYMENT_TARGET = 13.1;
				LD_RUNPATH_SEARCH_PATHS = (
					"$(inherited)",
					"@executable_path/Frameworks",
					"@loader_path/Frameworks",
				);
				PRODUCT_BUNDLE_IDENTIFIER = com.nitesh.SpectrumTests;
				PRODUCT_NAME = "$(TARGET_NAME)";
				SWIFT_VERSION = 5.0;
				TARGETED_DEVICE_FAMILY = "1,2";
				TEST_HOST = "$(BUILT_PRODUCTS_DIR)/Spectrum.app/Spectrum";
			};
			name = Debug;
		};
		9673F1A72391993400986D57 /* Release */ = {
			isa = XCBuildConfiguration;
			buildSettings = {
				ALWAYS_EMBED_SWIFT_STANDARD_LIBRARIES = YES;
				BUNDLE_LOADER = "$(TEST_HOST)";
				CODE_SIGN_STYLE = Automatic;
				DEVELOPMENT_TEAM = V3R4329N82;
				INFOPLIST_FILE = SpectrumTests/Info.plist;
				IPHONEOS_DEPLOYMENT_TARGET = 13.1;
				LD_RUNPATH_SEARCH_PATHS = (
					"$(inherited)",
					"@executable_path/Frameworks",
					"@loader_path/Frameworks",
				);
				PRODUCT_BUNDLE_IDENTIFIER = com.nitesh.SpectrumTests;
				PRODUCT_NAME = "$(TARGET_NAME)";
				SWIFT_VERSION = 5.0;
				TARGETED_DEVICE_FAMILY = "1,2";
				TEST_HOST = "$(BUILT_PRODUCTS_DIR)/Spectrum.app/Spectrum";
			};
			name = Release;
		};
		9673F1A92391993400986D57 /* Debug */ = {
			isa = XCBuildConfiguration;
			buildSettings = {
				ALWAYS_EMBED_SWIFT_STANDARD_LIBRARIES = YES;
				CODE_SIGN_STYLE = Automatic;
				DEVELOPMENT_TEAM = V3R4329N82;
				INFOPLIST_FILE = SpectrumUITests/Info.plist;
				LD_RUNPATH_SEARCH_PATHS = (
					"$(inherited)",
					"@executable_path/Frameworks",
					"@loader_path/Frameworks",
				);
				PRODUCT_BUNDLE_IDENTIFIER = com.nitesh.SpectrumUITests;
				PRODUCT_NAME = "$(TARGET_NAME)";
				SWIFT_VERSION = 5.0;
				TARGETED_DEVICE_FAMILY = "1,2";
				TEST_TARGET_NAME = Spectrum;
			};
			name = Debug;
		};
		9673F1AA2391993400986D57 /* Release */ = {
			isa = XCBuildConfiguration;
			buildSettings = {
				ALWAYS_EMBED_SWIFT_STANDARD_LIBRARIES = YES;
				CODE_SIGN_STYLE = Automatic;
				DEVELOPMENT_TEAM = V3R4329N82;
				INFOPLIST_FILE = SpectrumUITests/Info.plist;
				LD_RUNPATH_SEARCH_PATHS = (
					"$(inherited)",
					"@executable_path/Frameworks",
					"@loader_path/Frameworks",
				);
				PRODUCT_BUNDLE_IDENTIFIER = com.nitesh.SpectrumUITests;
				PRODUCT_NAME = "$(TARGET_NAME)";
				SWIFT_VERSION = 5.0;
				TARGETED_DEVICE_FAMILY = "1,2";
				TEST_TARGET_NAME = Spectrum;
			};
			name = Release;
		};
/* End XCBuildConfiguration section */

/* Begin XCConfigurationList section */
		9673F1702391993200986D57 /* Build configuration list for PBXProject "Spectrum" */ = {
			isa = XCConfigurationList;
			buildConfigurations = (
				9673F1A02391993400986D57 /* Debug */,
				9673F1A12391993400986D57 /* Release */,
			);
			defaultConfigurationIsVisible = 0;
			defaultConfigurationName = Release;
		};
		9673F1A22391993400986D57 /* Build configuration list for PBXNativeTarget "Spectrum" */ = {
			isa = XCConfigurationList;
			buildConfigurations = (
				9673F1A32391993400986D57 /* Debug */,
				9673F1A42391993400986D57 /* Release */,
			);
			defaultConfigurationIsVisible = 0;
			defaultConfigurationName = Release;
		};
		9673F1A52391993400986D57 /* Build configuration list for PBXNativeTarget "SpectrumTests" */ = {
			isa = XCConfigurationList;
			buildConfigurations = (
				9673F1A62391993400986D57 /* Debug */,
				9673F1A72391993400986D57 /* Release */,
			);
			defaultConfigurationIsVisible = 0;
			defaultConfigurationName = Release;
		};
		9673F1A82391993400986D57 /* Build configuration list for PBXNativeTarget "SpectrumUITests" */ = {
			isa = XCConfigurationList;
			buildConfigurations = (
				9673F1A92391993400986D57 /* Debug */,
				9673F1AA2391993400986D57 /* Release */,
			);
			defaultConfigurationIsVisible = 0;
			defaultConfigurationName = Release;
		};
/* End XCConfigurationList section */

/* Begin XCVersionGroup section */
		9673F1812391993200986D57 /* Spectrum.xcdatamodeld */ = {
			isa = XCVersionGroup;
			children = (
				9673F1822391993200986D57 /* Spectrum.xcdatamodel */,
			);
			currentVersion = 9673F1822391993200986D57 /* Spectrum.xcdatamodel */;
			path = Spectrum.xcdatamodeld;
			sourceTree = "<group>";
			versionGroupType = wrapper.xcdatamodel;
		};
/* End XCVersionGroup section */
	};
	rootObject = 9673F16D2391993200986D57 /* Project object */;
}
