// !$*UTF8*$!
{
	archiveVersion = 1;
	classes = {
	};
	objectVersion = 52;
	objects = {

/* Begin PBXBuildFile section */
		962AAAAB2399703800F632EB /* SDWebImage in Frameworks */ = {isa = PBXBuildFile; productRef = 962AAAAA2399703800F632EB /* SDWebImage */; };
		962AAAAD2399709F00F632EB /* ImageUtility.swift in Sources */ = {isa = PBXBuildFile; fileRef = 962AAAAC2399709F00F632EB /* ImageUtility.swift */; };
		962AAAAF2399859200F632EB /* LoaderUtility.swift in Sources */ = {isa = PBXBuildFile; fileRef = 962AAAAE2399859200F632EB /* LoaderUtility.swift */; };
		962AAAB12399892500F632EB /* CommonUtility.swift in Sources */ = {isa = PBXBuildFile; fileRef = 962AAAB02399892500F632EB /* CommonUtility.swift */; };
		962AAAB323998F7F00F632EB /* CompanyViewModel.swift in Sources */ = {isa = PBXBuildFile; fileRef = 962AAAB223998F7F00F632EB /* CompanyViewModel.swift */; };
		962AAAB52399912700F632EB /* MemberViewModel.swift in Sources */ = {isa = PBXBuildFile; fileRef = 962AAAB42399912700F632EB /* MemberViewModel.swift */; };
		962AAAB7239ADA2100F632EB /* ViewUtility.swift in Sources */ = {isa = PBXBuildFile; fileRef = 962AAAB6239ADA2100F632EB /* ViewUtility.swift */; };
		9659D17E23AEA5BC0090B443 /* CompanyInfoApp-Bridging-Header.h in Sources */ = {isa = PBXBuildFile; fileRef = 9659D17D23AEA53E0090B443 /* CompanyInfoApp-Bridging-Header.h */; };
		9659D18623AEAB470090B443 /* CompanyInfoAppTests.swift in Sources */ = {isa = PBXBuildFile; fileRef = 9659D18523AEAB470090B443 /* CompanyInfoAppTests.swift */; };
		9659D19123AF34720090B443 /* data.json in Resources */ = {isa = PBXBuildFile; fileRef = 9659D19023AF34720090B443 /* data.json */; };
		9673F1852391993400986D57 /* Assets.xcassets in Resources */ = {isa = PBXBuildFile; fileRef = 9673F1842391993400986D57 /* Assets.xcassets */; };
		96F9A59C2396C74F00824745 /* CompanyTabelCell.swift in Sources */ = {isa = PBXBuildFile; fileRef = 96F9A5902396C74F00824745 /* CompanyTabelCell.swift */; };
		96F9A59D2396C75000824745 /* CompanyViewController.swift in Sources */ = {isa = PBXBuildFile; fileRef = 96F9A5912396C74F00824745 /* CompanyViewController.swift */; };
		96F9A59E2396C75000824745 /* MemberViewController.swift in Sources */ = {isa = PBXBuildFile; fileRef = 96F9A5932396C74F00824745 /* MemberViewController.swift */; };
		96F9A59F2396C75000824745 /* MemberTableViewCell.swift in Sources */ = {isa = PBXBuildFile; fileRef = 96F9A5942396C74F00824745 /* MemberTableViewCell.swift */; };
		96F9A5A02396C75000824745 /* CompanyModel.swift in Sources */ = {isa = PBXBuildFile; fileRef = 96F9A5962396C74F00824745 /* CompanyModel.swift */; };
		96F9A5A12396C75000824745 /* AppDelegate.swift in Sources */ = {isa = PBXBuildFile; fileRef = 96F9A5982396C74F00824745 /* AppDelegate.swift */; };
		96F9A5A22396C75000824745 /* SceneDelegate.swift in Sources */ = {isa = PBXBuildFile; fileRef = 96F9A5992396C74F00824745 /* SceneDelegate.swift */; };
		96F9A5A82396C7E500824745 /* LaunchScreen.storyboard in Resources */ = {isa = PBXBuildFile; fileRef = 96F9A5A42396C7E500824745 /* LaunchScreen.storyboard */; };
		96F9A5A92396C7E500824745 /* Main.storyboard in Resources */ = {isa = PBXBuildFile; fileRef = 96F9A5A62396C7E500824745 /* Main.storyboard */; };
		96F9A5AC2396CB4600824745 /* CompanyViewPresenter.swift in Sources */ = {isa = PBXBuildFile; fileRef = 96F9A5AB2396CB4600824745 /* CompanyViewPresenter.swift */; };
		96F9A5AE2396CB6600824745 /* MemberViewPresenter.swift in Sources */ = {isa = PBXBuildFile; fileRef = 96F9A5AD2396CB6600824745 /* MemberViewPresenter.swift */; };
		96F9A5B22396CD6E00824745 /* WebserviceAdapter.swift in Sources */ = {isa = PBXBuildFile; fileRef = 96F9A5B12396CD6E00824745 /* WebserviceAdapter.swift */; };
		96F9A5B42396D0C800824745 /* CompanyWebService.swift in Sources */ = {isa = PBXBuildFile; fileRef = 96F9A5B32396D0C800824745 /* CompanyWebService.swift */; };
		96F9A5B62396D4DA00824745 /* Constants.swift in Sources */ = {isa = PBXBuildFile; fileRef = 96F9A5B52396D4DA00824745 /* Constants.swift */; };
/* End PBXBuildFile section */

/* Begin PBXContainerItemProxy section */
		9659D18823AEAB470090B443 /* PBXContainerItemProxy */ = {
			isa = PBXContainerItemProxy;
			containerPortal = 9673F16D2391993200986D57 /* Project object */;
			proxyType = 1;
			remoteGlobalIDString = 9673F1742391993200986D57;
			remoteInfo = CompanyInfoApp;
		};
/* End PBXContainerItemProxy section */

/* Begin PBXFileReference section */
		962AAAAC2399709F00F632EB /* ImageUtility.swift */ = {isa = PBXFileReference; lastKnownFileType = sourcecode.swift; path = ImageUtility.swift; sourceTree = "<group>"; };
		962AAAAE2399859200F632EB /* LoaderUtility.swift */ = {isa = PBXFileReference; lastKnownFileType = sourcecode.swift; path = LoaderUtility.swift; sourceTree = "<group>"; };
		962AAAB02399892500F632EB /* CommonUtility.swift */ = {isa = PBXFileReference; lastKnownFileType = sourcecode.swift; path = CommonUtility.swift; sourceTree = "<group>"; };
		962AAAB223998F7F00F632EB /* CompanyViewModel.swift */ = {isa = PBXFileReference; lastKnownFileType = sourcecode.swift; path = CompanyViewModel.swift; sourceTree = "<group>"; };
		962AAAB42399912700F632EB /* MemberViewModel.swift */ = {isa = PBXFileReference; lastKnownFileType = sourcecode.swift; path = MemberViewModel.swift; sourceTree = "<group>"; };
		962AAAB6239ADA2100F632EB /* ViewUtility.swift */ = {isa = PBXFileReference; lastKnownFileType = sourcecode.swift; path = ViewUtility.swift; sourceTree = "<group>"; };
		9659D16C23ABF4280090B443 /* Info.plist */ = {isa = PBXFileReference; fileEncoding = 4; lastKnownFileType = text.plist.xml; path = Info.plist; sourceTree = "<group>"; };
		9659D17D23AEA53E0090B443 /* CompanyInfoApp-Bridging-Header.h */ = {isa = PBXFileReference; explicitFileType = sourcecode.c.objc.preprocessed; path = "CompanyInfoApp-Bridging-Header.h"; sourceTree = "<group>"; };
		9659D18323AEAB470090B443 /* CompanyInfoAppTests.xctest */ = {isa = PBXFileReference; explicitFileType = wrapper.cfbundle; includeInIndex = 0; path = CompanyInfoAppTests.xctest; sourceTree = BUILT_PRODUCTS_DIR; };
		9659D18523AEAB470090B443 /* CompanyInfoAppTests.swift */ = {isa = PBXFileReference; lastKnownFileType = sourcecode.swift; path = CompanyInfoAppTests.swift; sourceTree = "<group>"; };
		9659D18723AEAB470090B443 /* Info.plist */ = {isa = PBXFileReference; lastKnownFileType = text.plist.xml; path = Info.plist; sourceTree = "<group>"; };
		9659D19023AF34720090B443 /* data.json */ = {isa = PBXFileReference; lastKnownFileType = text.json; path = data.json; sourceTree = "<group>"; };
		9673F1752391993200986D57 /* CompanyInfoApp.app */ = {isa = PBXFileReference; explicitFileType = wrapper.application; includeInIndex = 0; path = CompanyInfoApp.app; sourceTree = BUILT_PRODUCTS_DIR; };
		9673F1842391993400986D57 /* Assets.xcassets */ = {isa = PBXFileReference; lastKnownFileType = folder.assetcatalog; path = Assets.xcassets; sourceTree = "<group>"; };
		96F9A5902396C74F00824745 /* CompanyTabelCell.swift */ = {isa = PBXFileReference; fileEncoding = 4; lastKnownFileType = sourcecode.swift; path = CompanyTabelCell.swift; sourceTree = "<group>"; };
		96F9A5912396C74F00824745 /* CompanyViewController.swift */ = {isa = PBXFileReference; fileEncoding = 4; lastKnownFileType = sourcecode.swift; path = CompanyViewController.swift; sourceTree = "<group>"; };
		96F9A5932396C74F00824745 /* MemberViewController.swift */ = {isa = PBXFileReference; fileEncoding = 4; lastKnownFileType = sourcecode.swift; path = MemberViewController.swift; sourceTree = "<group>"; };
		96F9A5942396C74F00824745 /* MemberTableViewCell.swift */ = {isa = PBXFileReference; fileEncoding = 4; lastKnownFileType = sourcecode.swift; path = MemberTableViewCell.swift; sourceTree = "<group>"; };
		96F9A5962396C74F00824745 /* CompanyModel.swift */ = {isa = PBXFileReference; fileEncoding = 4; lastKnownFileType = sourcecode.swift; path = CompanyModel.swift; sourceTree = "<group>"; };
		96F9A5982396C74F00824745 /* AppDelegate.swift */ = {isa = PBXFileReference; fileEncoding = 4; lastKnownFileType = sourcecode.swift; path = AppDelegate.swift; sourceTree = "<group>"; };
		96F9A5992396C74F00824745 /* SceneDelegate.swift */ = {isa = PBXFileReference; fileEncoding = 4; lastKnownFileType = sourcecode.swift; path = SceneDelegate.swift; sourceTree = "<group>"; };
		96F9A5A52396C7E500824745 /* Base */ = {isa = PBXFileReference; lastKnownFileType = file.storyboard; name = Base; path = Base.lproj/LaunchScreen.storyboard; sourceTree = "<group>"; };
		96F9A5A72396C7E500824745 /* Base */ = {isa = PBXFileReference; lastKnownFileType = file.storyboard; name = Base; path = Base.lproj/Main.storyboard; sourceTree = "<group>"; };
		96F9A5AB2396CB4600824745 /* CompanyViewPresenter.swift */ = {isa = PBXFileReference; lastKnownFileType = sourcecode.swift; path = CompanyViewPresenter.swift; sourceTree = "<group>"; };
		96F9A5AD2396CB6600824745 /* MemberViewPresenter.swift */ = {isa = PBXFileReference; lastKnownFileType = sourcecode.swift; path = MemberViewPresenter.swift; sourceTree = "<group>"; };
		96F9A5B12396CD6E00824745 /* WebserviceAdapter.swift */ = {isa = PBXFileReference; lastKnownFileType = sourcecode.swift; path = WebserviceAdapter.swift; sourceTree = "<group>"; };
		96F9A5B32396D0C800824745 /* CompanyWebService.swift */ = {isa = PBXFileReference; lastKnownFileType = sourcecode.swift; path = CompanyWebService.swift; sourceTree = "<group>"; };
		96F9A5B52396D4DA00824745 /* Constants.swift */ = {isa = PBXFileReference; lastKnownFileType = sourcecode.swift; path = Constants.swift; sourceTree = "<group>"; };
/* End PBXFileReference section */

/* Begin PBXFrameworksBuildPhase section */
		9659D18023AEAB470090B443 /* Frameworks */ = {
			isa = PBXFrameworksBuildPhase;
			buildActionMask = 2147483647;
			files = (
			);
			runOnlyForDeploymentPostprocessing = 0;
		};
		9673F1722391993200986D57 /* Frameworks */ = {
			isa = PBXFrameworksBuildPhase;
			buildActionMask = 2147483647;
			files = (
				962AAAAB2399703800F632EB /* SDWebImage in Frameworks */,
			);
			runOnlyForDeploymentPostprocessing = 0;
		};
/* End PBXFrameworksBuildPhase section */

/* Begin PBXGroup section */
		9659D18423AEAB470090B443 /* CompanyInfoAppTests */ = {
			isa = PBXGroup;
			children = (
				9659D18523AEAB470090B443 /* CompanyInfoAppTests.swift */,
				9659D18723AEAB470090B443 /* Info.plist */,
				9659D19023AF34720090B443 /* data.json */,
			);
			path = CompanyInfoAppTests;
			sourceTree = "<group>";
		};
		9673F16C2391993200986D57 = {
			isa = PBXGroup;
			children = (
				9673F1772391993200986D57 /* ComapnyInfoApp */,
				9659D18423AEAB470090B443 /* CompanyInfoAppTests */,
				9673F1762391993200986D57 /* Products */,
			);
			sourceTree = "<group>";
			usesTabs = 0;
		};
		9673F1762391993200986D57 /* Products */ = {
			isa = PBXGroup;
			children = (
				9673F1752391993200986D57 /* CompanyInfoApp.app */,
				9659D18323AEAB470090B443 /* CompanyInfoAppTests.xctest */,
			);
			name = Products;
			sourceTree = "<group>";
		};
		9673F1772391993200986D57 /* ComapnyInfoApp */ = {
			isa = PBXGroup;
			children = (
				96F9A5972396C74F00824745 /* CommonClasses */,
				96F9A5A32396C7E500824745 /* Storyboards */,
				96F9A5952396C74F00824745 /* Models */,
				96F9A58E2396C74F00824745 /* Modules */,
				96F9A5B02396CCFF00824745 /* Services */,
				96F9A5AF2396CCFF00824745 /* Utility */,
				96F9A58A2396C74F00824745 /* SupportingFiles */,
			);
			path = ComapnyInfoApp;
			sourceTree = "<group>";
		};
		96F9A58A2396C74F00824745 /* SupportingFiles */ = {
			isa = PBXGroup;
			children = (
				9659D16C23ABF4280090B443 /* Info.plist */,
				9673F1842391993400986D57 /* Assets.xcassets */,
				9659D17D23AEA53E0090B443 /* CompanyInfoApp-Bridging-Header.h */,
			);
			path = SupportingFiles;
			sourceTree = "<group>";
		};
		96F9A58E2396C74F00824745 /* Modules */ = {
			isa = PBXGroup;
			children = (
				96F9A58F2396C74F00824745 /* CompanyScreen */,
				96F9A5922396C74F00824745 /* MemberScreen */,
			);
			path = Modules;
			sourceTree = "<group>";
		};
		96F9A58F2396C74F00824745 /* CompanyScreen */ = {
			isa = PBXGroup;
			children = (
				96F9A5902396C74F00824745 /* CompanyTabelCell.swift */,
				96F9A5912396C74F00824745 /* CompanyViewController.swift */,
				962AAAB223998F7F00F632EB /* CompanyViewModel.swift */,
				96F9A5AB2396CB4600824745 /* CompanyViewPresenter.swift */,
				96F9A5B32396D0C800824745 /* CompanyWebService.swift */,
			);
			path = CompanyScreen;
			sourceTree = "<group>";
		};
		96F9A5922396C74F00824745 /* MemberScreen */ = {
			isa = PBXGroup;
			children = (
				96F9A5932396C74F00824745 /* MemberViewController.swift */,
				96F9A5942396C74F00824745 /* MemberTableViewCell.swift */,
				962AAAB42399912700F632EB /* MemberViewModel.swift */,
				96F9A5AD2396CB6600824745 /* MemberViewPresenter.swift */,
			);
			path = MemberScreen;
			sourceTree = "<group>";
		};
		96F9A5952396C74F00824745 /* Models */ = {
			isa = PBXGroup;
			children = (
				96F9A5962396C74F00824745 /* CompanyModel.swift */,
			);
			path = Models;
			sourceTree = "<group>";
		};
		96F9A5972396C74F00824745 /* CommonClasses */ = {
			isa = PBXGroup;
			children = (
				96F9A5982396C74F00824745 /* AppDelegate.swift */,
				96F9A5992396C74F00824745 /* SceneDelegate.swift */,
				96F9A5B52396D4DA00824745 /* Constants.swift */,
			);
			path = CommonClasses;
			sourceTree = "<group>";
		};
		96F9A5A32396C7E500824745 /* Storyboards */ = {
			isa = PBXGroup;
			children = (
				96F9A5A42396C7E500824745 /* LaunchScreen.storyboard */,
				96F9A5A62396C7E500824745 /* Main.storyboard */,
			);
			path = Storyboards;
			sourceTree = "<group>";
		};
		96F9A5AF2396CCFF00824745 /* Utility */ = {
			isa = PBXGroup;
			children = (
				962AAAAC2399709F00F632EB /* ImageUtility.swift */,
				962AAAAE2399859200F632EB /* LoaderUtility.swift */,
				962AAAB02399892500F632EB /* CommonUtility.swift */,
				962AAAB6239ADA2100F632EB /* ViewUtility.swift */,
			);
			path = Utility;
			sourceTree = "<group>";
		};
		96F9A5B02396CCFF00824745 /* Services */ = {
			isa = PBXGroup;
			children = (
				96F9A5B12396CD6E00824745 /* WebserviceAdapter.swift */,
			);
			path = Services;
			sourceTree = "<group>";
		};
/* End PBXGroup section */

/* Begin PBXNativeTarget section */
		9659D18223AEAB470090B443 /* CompanyInfoAppTests */ = {
			isa = PBXNativeTarget;
			buildConfigurationList = 9659D18A23AEAB470090B443 /* Build configuration list for PBXNativeTarget "CompanyInfoAppTests" */;
			buildPhases = (
				9659D17F23AEAB470090B443 /* Sources */,
				9659D18023AEAB470090B443 /* Frameworks */,
				9659D18123AEAB470090B443 /* Resources */,
			);
			buildRules = (
			);
			dependencies = (
				9659D18F23AF2DC50090B443 /* PBXTargetDependency */,
				9659D18923AEAB470090B443 /* PBXTargetDependency */,
			);
			name = CompanyInfoAppTests;
			productName = CompanyInfoAppTests;
			productReference = 9659D18323AEAB470090B443 /* CompanyInfoAppTests.xctest */;
			productType = "com.apple.product-type.bundle.unit-test";
		};
		9673F1742391993200986D57 /* CompanyInfoApp */ = {
			isa = PBXNativeTarget;
			buildConfigurationList = 9673F1A22391993400986D57 /* Build configuration list for PBXNativeTarget "CompanyInfoApp" */;
			buildPhases = (
				9673F1712391993200986D57 /* Sources */,
				9673F1722391993200986D57 /* Frameworks */,
				9673F1732391993200986D57 /* Resources */,
			);
			buildRules = (
			);
			dependencies = (
				9659D17523ABFB830090B443 /* PBXTargetDependency */,
			);
			name = CompanyInfoApp;
			packageProductDependencies = (
				962AAAAA2399703800F632EB /* SDWebImage */,
			);
			productName = Spectrum;
			productReference = 9673F1752391993200986D57 /* CompanyInfoApp.app */;
			productType = "com.apple.product-type.application";
		};
/* End PBXNativeTarget section */

/* Begin PBXProject section */
		9673F16D2391993200986D57 /* Project object */ = {
			isa = PBXProject;
			attributes = {
				LastSwiftUpdateCheck = 1120;
				LastUpgradeCheck = 1110;
				ORGANIZATIONNAME = Pioneer;
				TargetAttributes = {
					9659D18223AEAB470090B443 = {
						CreatedOnToolsVersion = 11.2.1;
						TestTargetID = 9673F1742391993200986D57;
					};
					9673F1742391993200986D57 = {
						CreatedOnToolsVersion = 11.1;
					};
				};
			};
			buildConfigurationList = 9673F1702391993200986D57 /* Build configuration list for PBXProject "CompanyInfoApp" */;
			compatibilityVersion = "Xcode 9.3";
			developmentRegion = en;
			hasScannedForEncodings = 0;
			knownRegions = (
				en,
				Base,
			);
			mainGroup = 9673F16C2391993200986D57;
			packageReferences = (
				962AAAA92399703800F632EB /* XCRemoteSwiftPackageReference "SDWebImage" */,
			);
			productRefGroup = 9673F1762391993200986D57 /* Products */;
			projectDirPath = "";
			projectRoot = "";
			targets = (
				9673F1742391993200986D57 /* CompanyInfoApp */,
				9659D18223AEAB470090B443 /* CompanyInfoAppTests */,
			);
		};
/* End PBXProject section */

/* Begin PBXResourcesBuildPhase section */
		9659D18123AEAB470090B443 /* Resources */ = {
			isa = PBXResourcesBuildPhase;
			buildActionMask = 2147483647;
			files = (
				9659D19123AF34720090B443 /* data.json in Resources */,
			);
			runOnlyForDeploymentPostprocessing = 0;
		};
		9673F1732391993200986D57 /* Resources */ = {
			isa = PBXResourcesBuildPhase;
			buildActionMask = 2147483647;
			files = (
				96F9A5A82396C7E500824745 /* LaunchScreen.storyboard in Resources */,
				9673F1852391993400986D57 /* Assets.xcassets in Resources */,
				96F9A5A92396C7E500824745 /* Main.storyboard in Resources */,
			);
			runOnlyForDeploymentPostprocessing = 0;
		};
/* End PBXResourcesBuildPhase section */

/* Begin PBXSourcesBuildPhase section */
		9659D17F23AEAB470090B443 /* Sources */ = {
			isa = PBXSourcesBuildPhase;
			buildActionMask = 2147483647;
			files = (
				9659D18623AEAB470090B443 /* CompanyInfoAppTests.swift in Sources */,
			);
			runOnlyForDeploymentPostprocessing = 0;
		};
		9673F1712391993200986D57 /* Sources */ = {
			isa = PBXSourcesBuildPhase;
			buildActionMask = 2147483647;
			files = (
				962AAAAD2399709F00F632EB /* ImageUtility.swift in Sources */,
				96F9A5B22396CD6E00824745 /* WebserviceAdapter.swift in Sources */,
				96F9A5A12396C75000824745 /* AppDelegate.swift in Sources */,
				96F9A5AE2396CB6600824745 /* MemberViewPresenter.swift in Sources */,
				9659D17E23AEA5BC0090B443 /* CompanyInfoApp-Bridging-Header.h in Sources */,
				96F9A59D2396C75000824745 /* CompanyViewController.swift in Sources */,
				962AAAB323998F7F00F632EB /* CompanyViewModel.swift in Sources */,
				96F9A5A22396C75000824745 /* SceneDelegate.swift in Sources */,
				96F9A59F2396C75000824745 /* MemberTableViewCell.swift in Sources */,
				962AAAB7239ADA2100F632EB /* ViewUtility.swift in Sources */,
				962AAAB52399912700F632EB /* MemberViewModel.swift in Sources */,
				96F9A5B62396D4DA00824745 /* Constants.swift in Sources */,
				96F9A5AC2396CB4600824745 /* CompanyViewPresenter.swift in Sources */,
				962AAAAF2399859200F632EB /* LoaderUtility.swift in Sources */,
				962AAAB12399892500F632EB /* CommonUtility.swift in Sources */,
				96F9A5B42396D0C800824745 /* CompanyWebService.swift in Sources */,
				96F9A5A02396C75000824745 /* CompanyModel.swift in Sources */,
				96F9A59E2396C75000824745 /* MemberViewController.swift in Sources */,
				96F9A59C2396C74F00824745 /* CompanyTabelCell.swift in Sources */,
			);
			runOnlyForDeploymentPostprocessing = 0;
		};
/* End PBXSourcesBuildPhase section */

/* Begin PBXTargetDependency section */
		9659D17523ABFB830090B443 /* PBXTargetDependency */ = {
			isa = PBXTargetDependency;
			productRef = 9659D17423ABFB830090B443 /* SDWebImage */;
		};
		9659D18923AEAB470090B443 /* PBXTargetDependency */ = {
			isa = PBXTargetDependency;
			target = 9673F1742391993200986D57 /* CompanyInfoApp */;
			targetProxy = 9659D18823AEAB470090B443 /* PBXContainerItemProxy */;
		};
		9659D18F23AF2DC50090B443 /* PBXTargetDependency */ = {
			isa = PBXTargetDependency;
			productRef = 9659D18E23AF2DC50090B443 /* SDWebImage */;
		};
/* End PBXTargetDependency section */

/* Begin PBXVariantGroup section */
		96F9A5A42396C7E500824745 /* LaunchScreen.storyboard */ = {
			isa = PBXVariantGroup;
			children = (
				96F9A5A52396C7E500824745 /* Base */,
			);
			name = LaunchScreen.storyboard;
			sourceTree = "<group>";
		};
		96F9A5A62396C7E500824745 /* Main.storyboard */ = {
			isa = PBXVariantGroup;
			children = (
				96F9A5A72396C7E500824745 /* Base */,
			);
			name = Main.storyboard;
			sourceTree = "<group>";
		};
/* End PBXVariantGroup section */

/* Begin XCBuildConfiguration section */
		9659D18B23AEAB470090B443 /* Debug */ = {
			isa = XCBuildConfiguration;
			buildSettings = {
				BUNDLE_LOADER = "$(TEST_HOST)";
				CODE_SIGN_STYLE = Automatic;
				DEVELOPMENT_TEAM = V3R4329N82;
				INFOPLIST_FILE = CompanyInfoAppTests/Info.plist;
				IPHONEOS_DEPLOYMENT_TARGET = 13.2;
				LD_RUNPATH_SEARCH_PATHS = (
					"$(inherited)",
					"@executable_path/Frameworks",
					"@loader_path/Frameworks",
				);
				PRODUCT_BUNDLE_IDENTIFIER = com.nitesh.CompanyInfoAppTests;
				PRODUCT_MODULE_NAME = "$(PRODUCT_NAME)";
				PRODUCT_NAME = "$(TARGET_NAME)";
				SWIFT_VERSION = 5.0;
				TARGETED_DEVICE_FAMILY = "1,2";
				TEST_HOST = "$(BUILT_PRODUCTS_DIR)/CompanyInfoApp.app/CompanyInfoApp";
			};
			name = Debug;
		};
		9659D18C23AEAB470090B443 /* Release */ = {
			isa = XCBuildConfiguration;
			buildSettings = {
				BUNDLE_LOADER = "$(TEST_HOST)";
				CODE_SIGN_STYLE = Automatic;
				DEVELOPMENT_TEAM = V3R4329N82;
				INFOPLIST_FILE = CompanyInfoAppTests/Info.plist;
				IPHONEOS_DEPLOYMENT_TARGET = 13.2;
				LD_RUNPATH_SEARCH_PATHS = (
					"$(inherited)",
					"@executable_path/Frameworks",
					"@loader_path/Frameworks",
				);
				PRODUCT_BUNDLE_IDENTIFIER = com.nitesh.CompanyInfoAppTests;
				PRODUCT_MODULE_NAME = "$(PRODUCT_NAME)";
				PRODUCT_NAME = "$(TARGET_NAME)";
				SWIFT_VERSION = 5.0;
				TARGETED_DEVICE_FAMILY = "1,2";
				TEST_HOST = "$(BUILT_PRODUCTS_DIR)/CompanyInfoApp.app/CompanyInfoApp";
			};
			name = Release;
		};
		9673F1A02391993400986D57 /* Debug */ = {
			isa = XCBuildConfiguration;
			buildSettings = {
				ALWAYS_SEARCH_USER_PATHS = NO;
				CLANG_ANALYZER_NONNULL = YES;
				CLANG_ANALYZER_NUMBER_OBJECT_CONVERSION = YES_AGGRESSIVE;
				CLANG_CXX_LANGUAGE_STANDARD = "gnu++14";
				CLANG_CXX_LIBRARY = "libc++";
				CLANG_ENABLE_MODULES = YES;
				CLANG_ENABLE_OBJC_ARC = YES;
				CLANG_ENABLE_OBJC_WEAK = YES;
				CLANG_WARN_BLOCK_CAPTURE_AUTORELEASING = YES;
				CLANG_WARN_BOOL_CONVERSION = YES;
				CLANG_WARN_COMMA = YES;
				CLANG_WARN_CONSTANT_CONVERSION = YES;
				CLANG_WARN_DEPRECATED_OBJC_IMPLEMENTATIONS = YES;
				CLANG_WARN_DIRECT_OBJC_ISA_USAGE = YES_ERROR;
				CLANG_WARN_DOCUMENTATION_COMMENTS = YES;
				CLANG_WARN_EMPTY_BODY = YES;
				CLANG_WARN_ENUM_CONVERSION = YES;
				CLANG_WARN_INFINITE_RECURSION = YES;
				CLANG_WARN_INT_CONVERSION = YES;
				CLANG_WARN_NON_LITERAL_NULL_CONVERSION = YES;
				CLANG_WARN_OBJC_IMPLICIT_RETAIN_SELF = YES;
				CLANG_WARN_OBJC_LITERAL_CONVERSION = YES;
				CLANG_WARN_OBJC_ROOT_CLASS = YES_ERROR;
				CLANG_WARN_RANGE_LOOP_ANALYSIS = YES;
				CLANG_WARN_STRICT_PROTOTYPES = YES;
				CLANG_WARN_SUSPICIOUS_MOVE = YES;
				CLANG_WARN_UNGUARDED_AVAILABILITY = YES_AGGRESSIVE;
				CLANG_WARN_UNREACHABLE_CODE = YES;
				CLANG_WARN__DUPLICATE_METHOD_MATCH = YES;
				COPY_PHASE_STRIP = NO;
				DEBUG_INFORMATION_FORMAT = dwarf;
				ENABLE_STRICT_OBJC_MSGSEND = YES;
				ENABLE_TESTABILITY = YES;
				GCC_C_LANGUAGE_STANDARD = gnu11;
				GCC_DYNAMIC_NO_PIC = NO;
				GCC_NO_COMMON_BLOCKS = YES;
				GCC_OPTIMIZATION_LEVEL = 0;
				GCC_PREPROCESSOR_DEFINITIONS = (
					"DEBUG=1",
					"$(inherited)",
				);
				GCC_WARN_64_TO_32_BIT_CONVERSION = YES;
				GCC_WARN_ABOUT_RETURN_TYPE = YES_ERROR;
				GCC_WARN_UNDECLARED_SELECTOR = YES;
				GCC_WARN_UNINITIALIZED_AUTOS = YES_AGGRESSIVE;
				GCC_WARN_UNUSED_FUNCTION = YES;
				GCC_WARN_UNUSED_VARIABLE = YES;
				IPHONEOS_DEPLOYMENT_TARGET = 13.1;
				MTL_ENABLE_DEBUG_INFO = INCLUDE_SOURCE;
				MTL_FAST_MATH = YES;
				ONLY_ACTIVE_ARCH = YES;
				PRODUCT_MODULE_NAME = "$(PRODUCT_NAME)";
				PRODUCT_NAME = CompanyInfoApp;
				SDKROOT = iphoneos;
				SWIFT_ACTIVE_COMPILATION_CONDITIONS = DEBUG;
				SWIFT_OPTIMIZATION_LEVEL = "-Onone";
			};
			name = Debug;
		};
		9673F1A12391993400986D57 /* Release */ = {
			isa = XCBuildConfiguration;
			buildSettings = {
				ALWAYS_SEARCH_USER_PATHS = NO;
				CLANG_ANALYZER_NONNULL = YES;
				CLANG_ANALYZER_NUMBER_OBJECT_CONVERSION = YES_AGGRESSIVE;
				CLANG_CXX_LANGUAGE_STANDARD = "gnu++14";
				CLANG_CXX_LIBRARY = "libc++";
				CLANG_ENABLE_MODULES = YES;
				CLANG_ENABLE_OBJC_ARC = YES;
				CLANG_ENABLE_OBJC_WEAK = YES;
				CLANG_WARN_BLOCK_CAPTURE_AUTORELEASING = YES;
				CLANG_WARN_BOOL_CONVERSION = YES;
				CLANG_WARN_COMMA = YES;
				CLANG_WARN_CONSTANT_CONVERSION = YES;
				CLANG_WARN_DEPRECATED_OBJC_IMPLEMENTATIONS = YES;
				CLANG_WARN_DIRECT_OBJC_ISA_USAGE = YES_ERROR;
				CLANG_WARN_DOCUMENTATION_COMMENTS = YES;
				CLANG_WARN_EMPTY_BODY = YES;
				CLANG_WARN_ENUM_CONVERSION = YES;
				CLANG_WARN_INFINITE_RECURSION = YES;
				CLANG_WARN_INT_CONVERSION = YES;
				CLANG_WARN_NON_LITERAL_NULL_CONVERSION = YES;
				CLANG_WARN_OBJC_IMPLICIT_RETAIN_SELF = YES;
				CLANG_WARN_OBJC_LITERAL_CONVERSION = YES;
				CLANG_WARN_OBJC_ROOT_CLASS = YES_ERROR;
				CLANG_WARN_RANGE_LOOP_ANALYSIS = YES;
				CLANG_WARN_STRICT_PROTOTYPES = YES;
				CLANG_WARN_SUSPICIOUS_MOVE = YES;
				CLANG_WARN_UNGUARDED_AVAILABILITY = YES_AGGRESSIVE;
				CLANG_WARN_UNREACHABLE_CODE = YES;
				CLANG_WARN__DUPLICATE_METHOD_MATCH = YES;
				COPY_PHASE_STRIP = NO;
				DEBUG_INFORMATION_FORMAT = "dwarf-with-dsym";
				ENABLE_NS_ASSERTIONS = NO;
				ENABLE_STRICT_OBJC_MSGSEND = YES;
				GCC_C_LANGUAGE_STANDARD = gnu11;
				GCC_NO_COMMON_BLOCKS = YES;
				GCC_WARN_64_TO_32_BIT_CONVERSION = YES;
				GCC_WARN_ABOUT_RETURN_TYPE = YES_ERROR;
				GCC_WARN_UNDECLARED_SELECTOR = YES;
				GCC_WARN_UNINITIALIZED_AUTOS = YES_AGGRESSIVE;
				GCC_WARN_UNUSED_FUNCTION = YES;
				GCC_WARN_UNUSED_VARIABLE = YES;
				IPHONEOS_DEPLOYMENT_TARGET = 13.1;
				MTL_ENABLE_DEBUG_INFO = NO;
				MTL_FAST_MATH = YES;
				PRODUCT_MODULE_NAME = "$(PRODUCT_NAME)";
				PRODUCT_NAME = CompanyInfoApp;
				SDKROOT = iphoneos;
				SWIFT_COMPILATION_MODE = wholemodule;
				SWIFT_OPTIMIZATION_LEVEL = "-O";
				VALIDATE_PRODUCT = YES;
			};
			name = Release;
		};
		9673F1A32391993400986D57 /* Debug */ = {
			isa = XCBuildConfiguration;
			buildSettings = {
				ASSETCATALOG_COMPILER_APPICON_NAME = AppIcon;
				CODE_SIGN_IDENTITY = "iPhone Distribution: Mindset Network (7DUBFZH6KZ)";
				CODE_SIGN_STYLE = Manual;
				DEFINES_MODULE = YES;
				DEVELOPMENT_TEAM = V3R4329N82;
				ENABLE_BITCODE = NO;
				INFOPLIST_FILE = "$(SRCROOT)/ComapnyInfoApp/SupportingFiles/Info.plist";
				LD_RUNPATH_SEARCH_PATHS = (
					"$(inherited)",
					"@executable_path/Frameworks",
				);
				PRODUCT_BUNDLE_IDENTIFIER = com.nitesh.CompanyInfoApp;
				PRODUCT_MODULE_NAME = "$(PRODUCT_NAME)";
				PRODUCT_NAME = CompanyInfoApp;
				PROVISIONING_PROFILE_SPECIFIER = "";
				SWIFT_INCLUDE_PATHS = "${SRCROOT}/SDWebImage/**";
				SWIFT_OBJC_BRIDGING_HEADER = "$(SRCROOT)/ComapnyInfoApp/SupportingFiles/CompanyInfoApp-Bridging-Header.h";
				SWIFT_VERSION = 5.0;
				TARGETED_DEVICE_FAMILY = "1,2";
			};
			name = Debug;
		};
		9673F1A42391993400986D57 /* Release */ = {
			isa = XCBuildConfiguration;
			buildSettings = {
				ASSETCATALOG_COMPILER_APPICON_NAME = AppIcon;
				CODE_SIGN_IDENTITY = "iPhone Distribution: Mindset Network (7DUBFZH6KZ)";
				CODE_SIGN_STYLE = Manual;
				DEFINES_MODULE = YES;
				DEVELOPMENT_TEAM = V3R4329N82;
				ENABLE_BITCODE = NO;
				INFOPLIST_FILE = "$(SRCROOT)/ComapnyInfoApp/SupportingFiles/Info.plist";
				LD_RUNPATH_SEARCH_PATHS = (
					"$(inherited)",
					"@executable_path/Frameworks",
				);
				PRODUCT_BUNDLE_IDENTIFIER = com.nitesh.CompanyInfoApp;
				PRODUCT_MODULE_NAME = "$(PRODUCT_NAME)";
				PRODUCT_NAME = CompanyInfoApp;
				PROVISIONING_PROFILE_SPECIFIER = "";
				SWIFT_INCLUDE_PATHS = "${SRCROOT}/SDWebImage/**";
				SWIFT_OBJC_BRIDGING_HEADER = "$(SRCROOT)/ComapnyInfoApp/SupportingFiles/CompanyInfoApp-Bridging-Header.h";
				SWIFT_VERSION = 5.0;
				TARGETED_DEVICE_FAMILY = "1,2";
			};
			name = Release;
		};
/* End XCBuildConfiguration section */

/* Begin XCConfigurationList section */
		9659D18A23AEAB470090B443 /* Build configuration list for PBXNativeTarget "CompanyInfoAppTests" */ = {
			isa = XCConfigurationList;
			buildConfigurations = (
				9659D18B23AEAB470090B443 /* Debug */,
				9659D18C23AEAB470090B443 /* Release */,
			);
			defaultConfigurationIsVisible = 0;
			defaultConfigurationName = Release;
		};
		9673F1702391993200986D57 /* Build configuration list for PBXProject "CompanyInfoApp" */ = {
			isa = XCConfigurationList;
			buildConfigurations = (
				9673F1A02391993400986D57 /* Debug */,
				9673F1A12391993400986D57 /* Release */,
			);
			defaultConfigurationIsVisible = 0;
			defaultConfigurationName = Release;
		};
		9673F1A22391993400986D57 /* Build configuration list for PBXNativeTarget "CompanyInfoApp" */ = {
			isa = XCConfigurationList;
			buildConfigurations = (
				9673F1A32391993400986D57 /* Debug */,
				9673F1A42391993400986D57 /* Release */,
			);
			defaultConfigurationIsVisible = 0;
			defaultConfigurationName = Release;
		};
/* End XCConfigurationList section */

/* Begin XCRemoteSwiftPackageReference section */
		962AAAA92399703800F632EB /* XCRemoteSwiftPackageReference "SDWebImage" */ = {
			isa = XCRemoteSwiftPackageReference;
			repositoryURL = "https://github.com/SDWebImage/SDWebImage";
			requirement = {
				kind = upToNextMajorVersion;
				minimumVersion = 5.3.3;
			};
		};
/* End XCRemoteSwiftPackageReference section */

/* Begin XCSwiftPackageProductDependency section */
		962AAAAA2399703800F632EB /* SDWebImage */ = {
			isa = XCSwiftPackageProductDependency;
			package = 962AAAA92399703800F632EB /* XCRemoteSwiftPackageReference "SDWebImage" */;
			productName = SDWebImage;
		};
		9659D17423ABFB830090B443 /* SDWebImage */ = {
			isa = XCSwiftPackageProductDependency;
			package = 962AAAA92399703800F632EB /* XCRemoteSwiftPackageReference "SDWebImage" */;
			productName = SDWebImage;
		};
		9659D18E23AF2DC50090B443 /* SDWebImage */ = {
			isa = XCSwiftPackageProductDependency;
			package = 962AAAA92399703800F632EB /* XCRemoteSwiftPackageReference "SDWebImage" */;
			productName = SDWebImage;
		};
/* End XCSwiftPackageProductDependency section */
	};
	rootObject = 9673F16D2391993200986D57 /* Project object */;
}
